
Microsoft Visual Studio Solution File, Format Version 12.00
# Visual Studio Version 17
VisualStudioVersion = 17.5.002.0
MinimumVisualStudioVersion = 10.0.40219.1
Project("{9A19103F-16F7-4668-BE54-9A1E7A4F7556}") = "UserApp", "UserApp.csproj", "{7AFB3443-F81C-4FD0-B3B2-44FF4F2D1711}"
EndProject
Global
	GlobalSection(SolutionConfigurationPlatforms) = preSolution
		Debug|Any CPU = Debug|Any CPU
		Release|Any CPU = Release|Any CPU
	EndGlobalSection
	GlobalSection(ProjectConfigurationPlatforms) = postSolution
		{7AFB3443-F81C-4FD0-B3B2-44FF4F2D1711}.Debug|Any CPU.ActiveCfg = Debug|Any CPU
		{7AFB3443-F81C-4FD0-B3B2-44FF4F2D1711}.Debug|Any CPU.Build.0 = Debug|Any CPU
		{7AFB3443-F81C-4FD0-B3B2-44FF4F2D1711}.Release|Any CPU.ActiveCfg = Release|Any CPU
		{7AFB3443-F81C-4FD0-B3B2-44FF4F2D1711}.Release|Any CPU.Build.0 = Release|Any CPU
	EndGlobalSection
	GlobalSection(SolutionProperties) = preSolution
		HideSolutionNode = FALSE
	EndGlobalSection
	GlobalSection(ExtensibilityGlobals) = postSolution
		SolutionGuid = {5530F63C-3001-47C3-9D2D-081EC646BE1D}
	EndGlobalSection
EndGlobal
